
Microsoft Visual Studio Solution File, Format Version 11.00
# Visual Studio 2010
Project("{FAE04EC0-301F-11D3-BF4B-00C04F79EFBC}") = "NHibernate.Caches.AppFabric", "NHibernate.Caches.AppFabric\NHibernate.Caches.AppFabric.csproj", "{C7F5C8E4-6AB4-4B37-8D83-96DC9CC57AC6}"
EndProject
Project("{FAE04EC0-301F-11D3-BF4B-00C04F79EFBC}") = "NHibernate.Caches.AppFabric.Tests", "NHibernate.Caches.AppFabric.Tests\NHibernate.Caches.AppFabric.Tests.csproj", "{30E417C9-A548-49B0-8BB5-871E2D135B26}"
EndProject
Global
	GlobalSection(SolutionConfigurationPlatforms) = preSolution
		Debug|Any CPU = Debug|Any CPU
		Release|Any CPU = Release|Any CPU
	EndGlobalSection
	GlobalSection(ProjectConfigurationPlatforms) = postSolution
		{C7F5C8E4-6AB4-4B37-8D83-96DC9CC57AC6}.Debug|Any CPU.ActiveCfg = Debug|Any CPU
		{C7F5C8E4-6AB4-4B37-8D83-96DC9CC57AC6}.Debug|Any CPU.Build.0 = Debug|Any CPU
		{C7F5C8E4-6AB4-4B37-8D83-96DC9CC57AC6}.Release|Any CPU.ActiveCfg = Release|Any CPU
		{C7F5C8E4-6AB4-4B37-8D83-96DC9CC57AC6}.Release|Any CPU.Build.0 = Release|Any CPU
		{30E417C9-A548-49B0-8BB5-871E2D135B26}.Debug|Any CPU.ActiveCfg = Debug|Any CPU
		{30E417C9-A548-49B0-8BB5-871E2D135B26}.Debug|Any CPU.Build.0 = Debug|Any CPU
		{30E417C9-A548-49B0-8BB5-871E2D135B26}.Release|Any CPU.ActiveCfg = Release|Any CPU
		{30E417C9-A548-49B0-8BB5-871E2D135B26}.Release|Any CPU.Build.0 = Release|Any CPU
	EndGlobalSection
	GlobalSection(SolutionProperties) = preSolution
		HideSolutionNode = FALSE
	EndGlobalSection
EndGlobal
